
Microsoft Visual Studio Solution File, Format Version 12.00
# Visual Studio Version 16
VisualStudioVersion = 16.0.31205.134
MinimumVisualStudioVersion = 10.0.40219.1
Project("{FAE04EC0-301F-11D3-BF4B-00C04F79EFBC}") = "WebApi", "WebApi.csproj", "{BF931304-D3DE-4872-86D2-CFA1B33FF7CF}"
EndProject
Global
	GlobalSection(SolutionConfigurationPlatforms) = preSolution
		Debug|Any CPU = Debug|Any CPU
		Release|Any CPU = Release|Any CPU
	EndGlobalSection
	GlobalSection(ProjectConfigurationPlatforms) = postSolution
		{BF931304-D3DE-4872-86D2-CFA1B33FF7CF}.Debug|Any CPU.ActiveCfg = Debug|Any CPU
		{BF931304-D3DE-4872-86D2-CFA1B33FF7CF}.Debug|Any CPU.Build.0 = Debug|Any CPU
		{BF931304-D3DE-4872-86D2-CFA1B33FF7CF}.Release|Any CPU.ActiveCfg = Release|Any CPU
		{BF931304-D3DE-4872-86D2-CFA1B33FF7CF}.Release|Any CPU.Build.0 = Release|Any CPU
	EndGlobalSection
	GlobalSection(SolutionProperties) = preSolution
		HideSolutionNode = FALSE
	EndGlobalSection
	GlobalSection(ExtensibilityGlobals) = postSolution
		SolutionGuid = {7304F236-D338-4CAD-85C9-DF4B7F4B23CF}
	EndGlobalSection
EndGlobal
